
Microsoft Visual Studio Solution File, Format Version 12.00
# Visual Studio Version 17
VisualStudioVersion = 17.9.34622.214
MinimumVisualStudioVersion = 10.0.40219.1
Project("{FAE04EC0-301F-11D3-BF4B-00C04F79EFBC}") = "WinFormsRoomsControllApp", "WinFormsRoomsControllApp.csproj", "{5AC3BFB8-7376-4572-A3BA-09B6AAE1D31A}"
EndProject
Global
	GlobalSection(SolutionConfigurationPlatforms) = preSolution
		Debug|Any CPU = Debug|Any CPU
		Release|Any CPU = Release|Any CPU
	EndGlobalSection
	GlobalSection(ProjectConfigurationPlatforms) = postSolution
		{5AC3BFB8-7376-4572-A3BA-09B6AAE1D31A}.Debug|Any CPU.ActiveCfg = Debug|Any CPU
		{5AC3BFB8-7376-4572-A3BA-09B6AAE1D31A}.Debug|Any CPU.Build.0 = Debug|Any CPU
		{5AC3BFB8-7376-4572-A3BA-09B6AAE1D31A}.Release|Any CPU.ActiveCfg = Release|Any CPU
		{5AC3BFB8-7376-4572-A3BA-09B6AAE1D31A}.Release|Any CPU.Build.0 = Release|Any CPU
	EndGlobalSection
	GlobalSection(SolutionProperties) = preSolution
		HideSolutionNode = FALSE
	EndGlobalSection
	GlobalSection(ExtensibilityGlobals) = postSolution
		SolutionGuid = {04DADB5D-B475-4B9E-B6B5-6E40D76D15E5}
	EndGlobalSection
EndGlobal
